
Microsoft Visual Studio Solution File, Format Version 12.00
# Visual Studio Version 17
VisualStudioVersion = 17.9.34723.18
MinimumVisualStudioVersion = 10.0.40219.1
Project("{9A19103F-16F7-4668-BE54-9A1E7A4F7556}") = "dept-croatia.Api", "dept-croatia.Api.csproj", "{12BB4678-0FDF-444F-A366-038555CE064F}"
EndProject
Project("{9A19103F-16F7-4668-BE54-9A1E7A4F7556}") = "dept-croatia.Infrastructure", "..\dept-croatia.Infrastructure\dept-croatia.Infrastructure.csproj", "{FE7DA72B-71B7-4275-861D-A0393220F944}"
EndProject
Global
	GlobalSection(SolutionConfigurationPlatforms) = preSolution
		Debug|Any CPU = Debug|Any CPU
		Release|Any CPU = Release|Any CPU
	EndGlobalSection
	GlobalSection(ProjectConfigurationPlatforms) = postSolution
		{12BB4678-0FDF-444F-A366-038555CE064F}.Debug|Any CPU.ActiveCfg = Debug|Any CPU
		{12BB4678-0FDF-444F-A366-038555CE064F}.Debug|Any CPU.Build.0 = Debug|Any CPU
		{12BB4678-0FDF-444F-A366-038555CE064F}.Release|Any CPU.ActiveCfg = Release|Any CPU
		{12BB4678-0FDF-444F-A366-038555CE064F}.Release|Any CPU.Build.0 = Release|Any CPU
		{FE7DA72B-71B7-4275-861D-A0393220F944}.Debug|Any CPU.ActiveCfg = Debug|Any CPU
		{FE7DA72B-71B7-4275-861D-A0393220F944}.Debug|Any CPU.Build.0 = Debug|Any CPU
		{FE7DA72B-71B7-4275-861D-A0393220F944}.Release|Any CPU.ActiveCfg = Release|Any CPU
		{FE7DA72B-71B7-4275-861D-A0393220F944}.Release|Any CPU.Build.0 = Release|Any CPU
	EndGlobalSection
	GlobalSection(SolutionProperties) = preSolution
		HideSolutionNode = FALSE
	EndGlobalSection
	GlobalSection(ExtensibilityGlobals) = postSolution
		SolutionGuid = {54737F72-A703-4933-AA69-F6F620F5B113}
	EndGlobalSection
EndGlobal
